
Microsoft Visual Studio Solution File, Format Version 12.00
# Visual Studio Version 17
VisualStudioVersion = 17.7.34202.233
MinimumVisualStudioVersion = 10.0.40219.1
Project("{FAE04EC0-301F-11D3-BF4B-00C04F79EFBC}") = "MvcMovie", "MvcMovie\MvcMovie.csproj", "{CE31CF4D-5FE9-46D3-8D90-F15BA68861A9}"
EndProject
Global
	GlobalSection(SolutionConfigurationPlatforms) = preSolution
		Debug|Any CPU = Debug|Any CPU
		Release|Any CPU = Release|Any CPU
	EndGlobalSection
	GlobalSection(ProjectConfigurationPlatforms) = postSolution
		{CE31CF4D-5FE9-46D3-8D90-F15BA68861A9}.Debug|Any CPU.ActiveCfg = Debug|Any CPU
		{CE31CF4D-5FE9-46D3-8D90-F15BA68861A9}.Debug|Any CPU.Build.0 = Debug|Any CPU
		{CE31CF4D-5FE9-46D3-8D90-F15BA68861A9}.Release|Any CPU.ActiveCfg = Release|Any CPU
		{CE31CF4D-5FE9-46D3-8D90-F15BA68861A9}.Release|Any CPU.Build.0 = Release|Any CPU
	EndGlobalSection
	GlobalSection(SolutionProperties) = preSolution
		HideSolutionNode = FALSE
	EndGlobalSection
	GlobalSection(ExtensibilityGlobals) = postSolution
		SolutionGuid = {68A80A94-9DB2-42B8-A8D5-FF17B46C9D3D}
	EndGlobalSection
EndGlobal
